<?xml version="1.0" encoding="utf-8"?>
<Project ToolsVersion="4.0" xmlns="http://schemas.microsoft.com/developer/msbuild/2003">
  <ItemGroup>
    <Filter Include="Source Files">
      <UniqueIdentifier>{4FC737F1-C7A5-4376-A066-2A32D752A2FF}</UniqueIdentifier>
      <Extensions>cpp;c;cc;cxx;def;odl;idl;hpj;bat;asm;asmx</Extensions>
    </Filter>
    <Filter Include="Header Files">
      <UniqueIdentifier>{93995380-89BD-4b04-88EB-625FBE52EBFB}</UniqueIdentifier>
      <Extensions>h;hh;hpp;hxx;hm;inl;inc;ipp;xsd</Extensions>
    </Filter>
    <Filter Include="Resource Files">
      <UniqueIdentifier>{67DA6AB6-F800-4c08-8B7A-83BB121AAD01}</UniqueIdentifier>
      <Extensions>rc;ico;cur;bmp;dlg;rc2;rct;bin;rgs;gif;jpg;jpeg;jpe;resx;tiff;tif;png;wav;mfcribbon-ms</Extensions>
    </Filter>
    <Filter Include="Source Files\SList">
      <UniqueIdentifier>{f511ec9d-464c-4805-b0fc-9b200838acf5}</UniqueIdentifier>
    </Filter>
    <Filter Include="Header Files\SList">
      <UniqueIdentifier>{1e1c24cc-8faa-41cc-b44e-532e40293bc8}</UniqueIdentifier>
    </Filter>
    <Filter Include="Source Files\SListArray">
      <UniqueIdentifier>{f826b559-86a0-4c66-b3cc-7fe94cffbe36}</UniqueIdentifier>
    </Filter>
    <Filter Include="Header Files\SListArray">
      <UniqueIdentifier>{bccdcc4c-5d36-490c-91d0-6ef12a627203}</UniqueIdentifier>
    </Filter>
  </ItemGroup>
  <ItemGroup>
    <ClInclude Include="pch.h">
      <Filter>Header Files</Filter>
    </ClInclude>
    <ClInclude Include="List_types.h">
      <Filter>Header Files</Filter>
    </ClInclude>
    <ClInclude Include="SList\SList.h">
      <Filter>Header Files\SList</Filter>
    </ClInclude>
    <ClInclude Include="SList\SList_iterator.h">
      <Filter>Header Files\SList</Filter>
    </ClInclude>
    <ClInclude Include="SListArray\SListArray_iterator.h">
      <Filter>Header Files\SListArray</Filter>
    </ClInclude>
    <ClInclude Include="SListArray\SListArray.h">
      <Filter>Header Files\SListArray</Filter>
    </ClInclude>
  </ItemGroup>
  <ItemGroup>
    <ClCompile Include="pch.cpp">
      <Filter>Source Files</Filter>
    </ClCompile>
    <ClCompile Include="ForwardList.cpp">
      <Filter>Source Files</Filter>
    </ClCompile>
  </ItemGroup>
  <ItemGroup>
    <None Include="SList\SList.inl">
      <Filter>Source Files\SList</Filter>
    </None>
    <None Include="SList\SList_iterator.inl">
      <Filter>Source Files\SList</Filter>
    </None>
    <None Include="SListArray\SListArray_iterator.inl">
      <Filter>Source Files\SListArray</Filter>
    </None>
    <None Include="SListArray\SListArray.inl">
      <Filter>Source Files\SListArray</Filter>
    </None>
  </ItemGroup>
</Project>